{
  "originHash" : "1d5e1eaf48d1f139bfa99af9bc2253b24a46af979586110fdcbd426eb96ecb99",
  "pins" : [
    {
      "identity" : "swiftsoup",
      "kind" : "remoteSourceControl",
      "location" : "https://github.com/scinfu/SwiftSoup.git",
      "state" : {
        "revision" : "18ad8b8ff0f03f3c0a5544ffccfa2ea1c051ae6e",
        "version" : "2.8.0"
      }
    }
  ],
  "version" : 3
}
